
Microsoft Visual Studio Solution File, Format Version 12.00
# Visual Studio 2013
VisualStudioVersion = 12.0.21005.1
MinimumVisualStudioVersion = 10.0.40219.1
Project("{FAE04EC0-301F-11D3-BF4B-00C04F79EFBC}") = "WebApplication1", "WebApplication1\WebApplication1.csproj", "{C9955FBF-93D3-4E4D-97A7-A578BB61E50B}"
EndProject
Project("{FAE04EC0-301F-11D3-BF4B-00C04F79EFBC}") = "WeatherApp.Library", "WeatherApp.Library\WeatherApp.Library.csproj", "{27A5586A-5B99-440C-B102-B84C24235030}"
EndProject
Project("{FAE04EC0-301F-11D3-BF4B-00C04F79EFBC}") = "Core.Framework.Platform.Serialization", "Core.Framework.Platform.Serialization\Core.Framework.Platform.Serialization.csproj", "{6F2B50C7-A788-48B0-9512-72F47BA1A062}"
EndProject
Project("{FAE04EC0-301F-11D3-BF4B-00C04F79EFBC}") = "ConsoleTestApp", "ConsoleTestApp\ConsoleTestApp.csproj", "{6A9EA91F-2885-46F2-B0EA-431AB094B99D}"
EndProject
Global
	GlobalSection(SolutionConfigurationPlatforms) = preSolution
		Debug|Any CPU = Debug|Any CPU
		Release|Any CPU = Release|Any CPU
	EndGlobalSection
	GlobalSection(ProjectConfigurationPlatforms) = postSolution
		{C9955FBF-93D3-4E4D-97A7-A578BB61E50B}.Debug|Any CPU.ActiveCfg = Debug|Any CPU
		{C9955FBF-93D3-4E4D-97A7-A578BB61E50B}.Debug|Any CPU.Build.0 = Debug|Any CPU
		{C9955FBF-93D3-4E4D-97A7-A578BB61E50B}.Release|Any CPU.ActiveCfg = Release|Any CPU
		{C9955FBF-93D3-4E4D-97A7-A578BB61E50B}.Release|Any CPU.Build.0 = Release|Any CPU
		{27A5586A-5B99-440C-B102-B84C24235030}.Debug|Any CPU.ActiveCfg = Debug|Any CPU
		{27A5586A-5B99-440C-B102-B84C24235030}.Debug|Any CPU.Build.0 = Debug|Any CPU
		{27A5586A-5B99-440C-B102-B84C24235030}.Release|Any CPU.ActiveCfg = Release|Any CPU
		{27A5586A-5B99-440C-B102-B84C24235030}.Release|Any CPU.Build.0 = Release|Any CPU
		{6F2B50C7-A788-48B0-9512-72F47BA1A062}.Debug|Any CPU.ActiveCfg = Debug|Any CPU
		{6F2B50C7-A788-48B0-9512-72F47BA1A062}.Debug|Any CPU.Build.0 = Debug|Any CPU
		{6F2B50C7-A788-48B0-9512-72F47BA1A062}.Release|Any CPU.ActiveCfg = Release|Any CPU
		{6F2B50C7-A788-48B0-9512-72F47BA1A062}.Release|Any CPU.Build.0 = Release|Any CPU
		{6A9EA91F-2885-46F2-B0EA-431AB094B99D}.Debug|Any CPU.ActiveCfg = Debug|Any CPU
		{6A9EA91F-2885-46F2-B0EA-431AB094B99D}.Debug|Any CPU.Build.0 = Debug|Any CPU
		{6A9EA91F-2885-46F2-B0EA-431AB094B99D}.Release|Any CPU.ActiveCfg = Release|Any CPU
		{6A9EA91F-2885-46F2-B0EA-431AB094B99D}.Release|Any CPU.Build.0 = Release|Any CPU
	EndGlobalSection
	GlobalSection(SolutionProperties) = preSolution
		HideSolutionNode = FALSE
	EndGlobalSection
EndGlobal
